github.com/cdvelop/dbtools v0.0.21 h1:QsWWm0nK30A6ANol6QkCh9YxRGoFbvhoinBdiA6pIAo=
github.com/cdvelop/dbtools v0.0.21/go.mod h1:zI9A1z0moHODf4vdQTEKHtaKg10iX1J1vlorA2qhqmg=
github.com/cdvelop/input v0.0.14 h1:P0c4HeA68af2jSRYJ2VCcRObHMkc+z6OBpATXfPOdCM=
github.com/cdvelop/input v0.0.14/go.mod h1:+WGaDAU3UNEjCeQxIHiyi7BJRdnLV0aVzFhmBxa9eWU=
github.com/cdvelop/model v0.0.33 h1:Q27TzCEmdIZpSaC9xiRhrsk389r10Pye4tyx8stZlJQ=
github.com/cdvelop/model v0.0.33/go.mod h1:cYJNxbv1WV/aDgiVPV9VXs8LrbF8+0nU+X+KfSevyzw=
github.com/cdvelop/objectdb v0.0.20 h1:Nl1L9oG4C5f+unTunJmmXNbGnRZEBGa7H44VygVtgCY=
github.com/cdvelop/objectdb v0.0.20/go.mod h1:Y/5mtLo4Vik4nOXjEI/pH8LVLWtqNjJ1mktY27RXST4=
github.com/mattn/go-sqlite3 v1.14.17 h1:mCRHCLDUBXgpKAqIKsaAaAsrAlbkeomtRFKXh2L6YIM=
github.com/mattn/go-sqlite3 v1.14.17/go.mod h1:2eHXhiwb8IkHr+BDWZGa96P6+rkvnG63S2DGjv9HUNg=
golang.org/x/text v0.11.0 h1:LAntKIrcmeSKERyiOh0XMV39LXS8IE9UL2yP7+f5ij4=
golang.org/x/text v0.11.0/go.mod h1:TvPlkZtksWOMsz7fbANvkp4WM8x/WCo/om8BMLbz+aE=
