github.com/cdvelop/dbtools v0.0.17 h1:X+GsMqAHG6Pbyj2uAaK/SLjqGSxgT9K6wZWCeCKA1WE=
github.com/cdvelop/dbtools v0.0.17/go.mod h1:NfQwYlGU1dFmZcUPs4bzwzKp5bC5r9TM72At6zPjdZE=
github.com/cdvelop/input v0.0.12 h1:GLKu51QDn2LgMZUrQihaN3fDjW93Zd+k6cdJOsQfAYo=
github.com/cdvelop/input v0.0.12/go.mod h1:1fb3io8X/ZAomsQVkdC+7qjsXNm+RRWORo/VRNKGN8c=
github.com/cdvelop/model v0.0.30 h1:WddaVvJS1W26LoQ0vQd7z+0m5yNNMhQojaMBiPxJ7SM=
github.com/cdvelop/model v0.0.30/go.mod h1:cYJNxbv1WV/aDgiVPV9VXs8LrbF8+0nU+X+KfSevyzw=
github.com/cdvelop/objectdb v0.0.16 h1:KoG2I7ZrHwqBKAtoo95Ui4X2hxZRbj+DQvEdMibTXkI=
github.com/cdvelop/objectdb v0.0.16/go.mod h1:76DEH+zUz2uqS2l6WDwCVr9PLslwYDFgxaWoTijowI4=
github.com/mattn/go-sqlite3 v1.14.16 h1:yOQRA0RpS5PFz/oikGwBEqvAWhWg5ufRz4ETLjwpU1Y=
github.com/mattn/go-sqlite3 v1.14.16/go.mod h1:2eHXhiwb8IkHr+BDWZGa96P6+rkvnG63S2DGjv9HUNg=
golang.org/x/text v0.9.0 h1:2sjJmO8cDvYveuX97RDLsxlyUxLl+GHoLxBiRdHllBE=
golang.org/x/text v0.9.0/go.mod h1:e1OnstbJyHTd6l/uOt8jFFHp6TRDWZR/bV3emEE/zU8=
